
Microsoft Visual Studio Solution File, Format Version 12.00
# Visual Studio 15
VisualStudioVersion = 15.0.28010.2050
MinimumVisualStudioVersion = 10.0.40219.1
Project("{FAE04EC0-301F-11D3-BF4B-00C04F79EFBC}") = "Lab4a", "Lab4a\Lab4a.csproj", "{49C416C9-DD7F-4844-8856-AA5A0D561717}"
EndProject
Global
	GlobalSection(SolutionConfigurationPlatforms) = preSolution
		Debug|Any CPU = Debug|Any CPU
		Release|Any CPU = Release|Any CPU
	EndGlobalSection
	GlobalSection(ProjectConfigurationPlatforms) = postSolution
		{49C416C9-DD7F-4844-8856-AA5A0D561717}.Debug|Any CPU.ActiveCfg = Debug|Any CPU
		{49C416C9-DD7F-4844-8856-AA5A0D561717}.Debug|Any CPU.Build.0 = Debug|Any CPU
		{49C416C9-DD7F-4844-8856-AA5A0D561717}.Release|Any CPU.ActiveCfg = Release|Any CPU
		{49C416C9-DD7F-4844-8856-AA5A0D561717}.Release|Any CPU.Build.0 = Release|Any CPU
	EndGlobalSection
	GlobalSection(SolutionProperties) = preSolution
		HideSolutionNode = FALSE
	EndGlobalSection
	GlobalSection(ExtensibilityGlobals) = postSolution
		SolutionGuid = {7A99C2F9-3F3C-41F1-A7A6-331BE92D9947}
	EndGlobalSection
EndGlobal
