
Microsoft Visual Studio Solution File, Format Version 12.00
# Visual Studio 15
VisualStudioVersion = 15.0.28010.2050
MinimumVisualStudioVersion = 10.0.40219.1
Project("{FAE04EC0-301F-11D3-BF4B-00C04F79EFBC}") = "Lab5A", "Lab5A\Lab5A.csproj", "{046A5961-469F-43C3-8E42-AEC0027B94D7}"
EndProject
Global
	GlobalSection(SolutionConfigurationPlatforms) = preSolution
		Debug|Any CPU = Debug|Any CPU
		Release|Any CPU = Release|Any CPU
	EndGlobalSection
	GlobalSection(ProjectConfigurationPlatforms) = postSolution
		{046A5961-469F-43C3-8E42-AEC0027B94D7}.Debug|Any CPU.ActiveCfg = Debug|Any CPU
		{046A5961-469F-43C3-8E42-AEC0027B94D7}.Debug|Any CPU.Build.0 = Debug|Any CPU
		{046A5961-469F-43C3-8E42-AEC0027B94D7}.Release|Any CPU.ActiveCfg = Release|Any CPU
		{046A5961-469F-43C3-8E42-AEC0027B94D7}.Release|Any CPU.Build.0 = Release|Any CPU
	EndGlobalSection
	GlobalSection(SolutionProperties) = preSolution
		HideSolutionNode = FALSE
	EndGlobalSection
	GlobalSection(ExtensibilityGlobals) = postSolution
		SolutionGuid = {7CB45B59-0DBF-4262-8245-9478A8BA0FD0}
	EndGlobalSection
EndGlobal
