
Microsoft Visual Studio Solution File, Format Version 12.00
# Visual Studio 15
VisualStudioVersion = 15.0.28010.2050
MinimumVisualStudioVersion = 10.0.40219.1
Project("{FAE04EC0-301F-11D3-BF4B-00C04F79EFBC}") = "Lab3B", "Lab3B\Lab3B.csproj", "{F2AA4256-D5CA-4DA2-8C6A-A8F72D09DE76}"
EndProject
Global
	GlobalSection(SolutionConfigurationPlatforms) = preSolution
		Debug|Any CPU = Debug|Any CPU
		Release|Any CPU = Release|Any CPU
	EndGlobalSection
	GlobalSection(ProjectConfigurationPlatforms) = postSolution
		{F2AA4256-D5CA-4DA2-8C6A-A8F72D09DE76}.Debug|Any CPU.ActiveCfg = Debug|Any CPU
		{F2AA4256-D5CA-4DA2-8C6A-A8F72D09DE76}.Debug|Any CPU.Build.0 = Debug|Any CPU
		{F2AA4256-D5CA-4DA2-8C6A-A8F72D09DE76}.Release|Any CPU.ActiveCfg = Release|Any CPU
		{F2AA4256-D5CA-4DA2-8C6A-A8F72D09DE76}.Release|Any CPU.Build.0 = Release|Any CPU
	EndGlobalSection
	GlobalSection(SolutionProperties) = preSolution
		HideSolutionNode = FALSE
	EndGlobalSection
	GlobalSection(ExtensibilityGlobals) = postSolution
		SolutionGuid = {0956A289-43AD-4CC7-957D-93C8E2349D91}
	EndGlobalSection
EndGlobal
