
Microsoft Visual Studio Solution File, Format Version 12.00
# Visual Studio 15
VisualStudioVersion = 15.0.28010.2036
MinimumVisualStudioVersion = 10.0.40219.1
Project("{FAE04EC0-301F-11D3-BF4B-00C04F79EFBC}") = "Lab2A", "Lab2A\Lab2A.csproj", "{B3D6D513-A259-436E-9E1B-837805B58717}"
EndProject
Global
	GlobalSection(SolutionConfigurationPlatforms) = preSolution
		Debug|Any CPU = Debug|Any CPU
		Release|Any CPU = Release|Any CPU
	EndGlobalSection
	GlobalSection(ProjectConfigurationPlatforms) = postSolution
		{B3D6D513-A259-436E-9E1B-837805B58717}.Debug|Any CPU.ActiveCfg = Debug|Any CPU
		{B3D6D513-A259-436E-9E1B-837805B58717}.Debug|Any CPU.Build.0 = Debug|Any CPU
		{B3D6D513-A259-436E-9E1B-837805B58717}.Release|Any CPU.ActiveCfg = Release|Any CPU
		{B3D6D513-A259-436E-9E1B-837805B58717}.Release|Any CPU.Build.0 = Release|Any CPU
	EndGlobalSection
	GlobalSection(SolutionProperties) = preSolution
		HideSolutionNode = FALSE
	EndGlobalSection
	GlobalSection(ExtensibilityGlobals) = postSolution
		SolutionGuid = {6BAD6E40-1E02-4D0B-BF12-03CFCAA1FADC}
	EndGlobalSection
EndGlobal
