
Microsoft Visual Studio Solution File, Format Version 12.00
# Visual Studio 15
VisualStudioVersion = 15.0.28010.2050
MinimumVisualStudioVersion = 10.0.40219.1
Project("{FAE04EC0-301F-11D3-BF4B-00C04F79EFBC}") = "Lab4b", "Lab4b\Lab4b.csproj", "{6C520BD4-1111-4FAC-A0E5-0A3CB0A8ECBA}"
EndProject
Global
	GlobalSection(SolutionConfigurationPlatforms) = preSolution
		Debug|Any CPU = Debug|Any CPU
		Release|Any CPU = Release|Any CPU
	EndGlobalSection
	GlobalSection(ProjectConfigurationPlatforms) = postSolution
		{6C520BD4-1111-4FAC-A0E5-0A3CB0A8ECBA}.Debug|Any CPU.ActiveCfg = Debug|Any CPU
		{6C520BD4-1111-4FAC-A0E5-0A3CB0A8ECBA}.Debug|Any CPU.Build.0 = Debug|Any CPU
		{6C520BD4-1111-4FAC-A0E5-0A3CB0A8ECBA}.Release|Any CPU.ActiveCfg = Release|Any CPU
		{6C520BD4-1111-4FAC-A0E5-0A3CB0A8ECBA}.Release|Any CPU.Build.0 = Release|Any CPU
	EndGlobalSection
	GlobalSection(SolutionProperties) = preSolution
		HideSolutionNode = FALSE
	EndGlobalSection
	GlobalSection(ExtensibilityGlobals) = postSolution
		SolutionGuid = {3CD8604F-1E0C-4B18-BBC9-541CFB225304}
	EndGlobalSection
EndGlobal
